// !$*UTF8*$!
{
	archiveVersion = 1;
	classes = {
	};
	objectVersion = 54;
	objects = {

/* Begin PBXBuildFile section */
		4509B7172A21521400A877A1 /* ShopView.swift in Sources */ = {isa = PBXBuildFile; fileRef = 4509B7162A21521400A877A1 /* ShopView.swift */; };
		4509B7192A2152F500A877A1 /* ShopDataProvider.swift in Sources */ = {isa = PBXBuildFile; fileRef = 4509B7182A2152F500A877A1 /* ShopDataProvider.swift */; };
		451A903329C7DDD00001CA76 /* FileStorage.swift in Sources */ = {isa = PBXBuildFile; fileRef = 451A903229C7DDD00001CA76 /* FileStorage.swift */; };
		451EC4E72A868B36004369F1 /* PathToSingularity_App.swift in Sources */ = {isa = PBXBuildFile; fileRef = 451EC4E62A868B36004369F1 /* PathToSingularity_App.swift */; };
		45791511261799B000F9EBBE /* UIKitExtensions.swift in Sources */ = {isa = PBXBuildFile; fileRef = 45791510261799B000F9EBBE /* UIKitExtensions.swift */; };
		45A9CD822BA73F5F0014DFB9 /* Scale.swift in Sources */ = {isa = PBXBuildFile; fileRef = 45A9CD812BA73F5F0014DFB9 /* Scale.swift */; };
		45A9CD842BA742B10014DFB9 /* StarDelegate.swift in Sources */ = {isa = PBXBuildFile; fileRef = 45A9CD832BA742B10014DFB9 /* StarDelegate.swift */; };
		45D06A9028E4BCCA00BD87B7 /* PlayerDataController.swift in Sources */ = {isa = PBXBuildFile; fileRef = 45D06A8F28E4BCCA00BD87B7 /* PlayerDataController.swift */; };
		45D06A9228E4BD3700BD87B7 /* EventsController.swift in Sources */ = {isa = PBXBuildFile; fileRef = 45D06A9128E4BD3700BD87B7 /* EventsController.swift */; };
		45D06A9428E4BD5D00BD87B7 /* StarDataController.swift in Sources */ = {isa = PBXBuildFile; fileRef = 45D06A9328E4BD5D00BD87B7 /* StarDataController.swift */; };
		45D06A9628E4BE2600BD87B7 /* MainSceneViewModel.swift in Sources */ = {isa = PBXBuildFile; fileRef = 45D06A9528E4BE2600BD87B7 /* MainSceneViewModel.swift */; };
		45D06AE728E5C1C000BD87B7 /* Player.swift in Sources */ = {isa = PBXBuildFile; fileRef = 45D06AE328E5C1C000BD87B7 /* Player.swift */; };
		45EDA9F126180D1C00144C8E /* ShopItem.swift in Sources */ = {isa = PBXBuildFile; fileRef = 45EDA9F026180D1C00144C8E /* ShopItem.swift */; };
		45F065442612F1FE00A729EF /* MainViewController.swift in Sources */ = {isa = PBXBuildFile; fileRef = 45F065432612F1FE00A729EF /* MainViewController.swift */; };
		45F065492612F1FF00A729EF /* Assets.xcassets in Resources */ = {isa = PBXBuildFile; fileRef = 45F065482612F1FF00A729EF /* Assets.xcassets */; };
		45F0654C2612F1FF00A729EF /* LaunchScreen.storyboard in Resources */ = {isa = PBXBuildFile; fileRef = 45F0654A2612F1FF00A729EF /* LaunchScreen.storyboard */; };
		45F065552612F25200A729EF /* Star.swift in Sources */ = {isa = PBXBuildFile; fileRef = 45F065542612F25200A729EF /* Star.swift */; };
		45F0655D2612F46100A729EF /* art.scnassets in Resources */ = {isa = PBXBuildFile; fileRef = 45F0655C2612F46100A729EF /* art.scnassets */; };
/* End PBXBuildFile section */

/* Begin PBXFileReference section */
		4509B7162A21521400A877A1 /* ShopView.swift */ = {isa = PBXFileReference; lastKnownFileType = sourcecode.swift; path = ShopView.swift; sourceTree = "<group>"; };
		4509B7182A2152F500A877A1 /* ShopDataProvider.swift */ = {isa = PBXFileReference; lastKnownFileType = sourcecode.swift; path = ShopDataProvider.swift; sourceTree = "<group>"; };
		451A903229C7DDD00001CA76 /* FileStorage.swift */ = {isa = PBXFileReference; lastKnownFileType = sourcecode.swift; path = FileStorage.swift; sourceTree = "<group>"; };
		451EC4E62A868B36004369F1 /* PathToSingularity_App.swift */ = {isa = PBXFileReference; lastKnownFileType = sourcecode.swift; path = PathToSingularity_App.swift; sourceTree = "<group>"; };
		45791510261799B000F9EBBE /* UIKitExtensions.swift */ = {isa = PBXFileReference; lastKnownFileType = sourcecode.swift; path = UIKitExtensions.swift; sourceTree = "<group>"; };
		459DE8B926FE31120044CE7A /* Path to Singularity.entitlements */ = {isa = PBXFileReference; lastKnownFileType = text.plist.entitlements; path = "Path to Singularity.entitlements"; sourceTree = "<group>"; };
		45A9CD812BA73F5F0014DFB9 /* Scale.swift */ = {isa = PBXFileReference; lastKnownFileType = sourcecode.swift; path = Scale.swift; sourceTree = "<group>"; };
		45A9CD832BA742B10014DFB9 /* StarDelegate.swift */ = {isa = PBXFileReference; lastKnownFileType = sourcecode.swift; path = StarDelegate.swift; sourceTree = "<group>"; };
		45D06A8F28E4BCCA00BD87B7 /* PlayerDataController.swift */ = {isa = PBXFileReference; lastKnownFileType = sourcecode.swift; path = PlayerDataController.swift; sourceTree = "<group>"; };
		45D06A9128E4BD3700BD87B7 /* EventsController.swift */ = {isa = PBXFileReference; lastKnownFileType = sourcecode.swift; path = EventsController.swift; sourceTree = "<group>"; };
		45D06A9328E4BD5D00BD87B7 /* StarDataController.swift */ = {isa = PBXFileReference; lastKnownFileType = sourcecode.swift; path = StarDataController.swift; sourceTree = "<group>"; };
		45D06A9528E4BE2600BD87B7 /* MainSceneViewModel.swift */ = {isa = PBXFileReference; lastKnownFileType = sourcecode.swift; path = MainSceneViewModel.swift; sourceTree = "<group>"; };
		45D06AE328E5C1C000BD87B7 /* Player.swift */ = {isa = PBXFileReference; lastKnownFileType = sourcecode.swift; path = Player.swift; sourceTree = "<group>"; };
		45EDA9F026180D1C00144C8E /* ShopItem.swift */ = {isa = PBXFileReference; lastKnownFileType = sourcecode.swift; path = ShopItem.swift; sourceTree = "<group>"; };
		45F0653C2612F1FE00A729EF /* Path to Singularity.app */ = {isa = PBXFileReference; explicitFileType = wrapper.application; includeInIndex = 0; path = "Path to Singularity.app"; sourceTree = BUILT_PRODUCTS_DIR; };
		45F065432612F1FE00A729EF /* MainViewController.swift */ = {isa = PBXFileReference; lastKnownFileType = sourcecode.swift; path = MainViewController.swift; sourceTree = "<group>"; };
		45F065482612F1FF00A729EF /* Assets.xcassets */ = {isa = PBXFileReference; lastKnownFileType = folder.assetcatalog; path = Assets.xcassets; sourceTree = "<group>"; };
		45F0654B2612F1FF00A729EF /* Base */ = {isa = PBXFileReference; lastKnownFileType = file.storyboard; name = Base; path = Base.lproj/LaunchScreen.storyboard; sourceTree = "<group>"; };
		45F0654D2612F1FF00A729EF /* Info.plist */ = {isa = PBXFileReference; lastKnownFileType = text.plist.xml; path = Info.plist; sourceTree = "<group>"; };
		45F065542612F25200A729EF /* Star.swift */ = {isa = PBXFileReference; lastKnownFileType = sourcecode.swift; path = Star.swift; sourceTree = "<group>"; };
		45F0655C2612F46100A729EF /* art.scnassets */ = {isa = PBXFileReference; lastKnownFileType = wrapper.scnassets; path = art.scnassets; sourceTree = "<group>"; };
/* End PBXFileReference section */

/* Begin PBXFrameworksBuildPhase section */
		45F065392612F1FE00A729EF /* Frameworks */ = {
			isa = PBXFrameworksBuildPhase;
			buildActionMask = 2147483647;
			files = (
			);
			runOnlyForDeploymentPostprocessing = 0;
		};
/* End PBXFrameworksBuildPhase section */

/* Begin PBXGroup section */
		457914FF2616AEF300F9EBBE /* Frameworks */ = {
			isa = PBXGroup;
			children = (
			);
			name = Frameworks;
			sourceTree = "<group>";
		};
		45C282C52617F39C0077E487 /* Models */ = {
			isa = PBXGroup;
			children = (
				45D06AE328E5C1C000BD87B7 /* Player.swift */,
				45F065542612F25200A729EF /* Star.swift */,
				45A9CD832BA742B10014DFB9 /* StarDelegate.swift */,
				45A9CD812BA73F5F0014DFB9 /* Scale.swift */,
				45EDA9F026180D1C00144C8E /* ShopItem.swift */,
			);
			path = Models;
			sourceTree = "<group>";
		};
		45C282C72617F3BB0077E487 /* ViewControllers */ = {
			isa = PBXGroup;
			children = (
				45F065432612F1FE00A729EF /* MainViewController.swift */,
				4509B7162A21521400A877A1 /* ShopView.swift */,
			);
			path = ViewControllers;
			sourceTree = "<group>";
		};
		45C282C92617F3DE0077E487 /* Utlility */ = {
			isa = PBXGroup;
			children = (
				45791510261799B000F9EBBE /* UIKitExtensions.swift */,
			);
			path = Utlility;
			sourceTree = "<group>";
		};
		45D06A8E28E4BCBA00BD87B7 /* Objects */ = {
			isa = PBXGroup;
			children = (
				45D06A8F28E4BCCA00BD87B7 /* PlayerDataController.swift */,
				45D06A9328E4BD5D00BD87B7 /* StarDataController.swift */,
				45D06A9128E4BD3700BD87B7 /* EventsController.swift */,
				45D06A9528E4BE2600BD87B7 /* MainSceneViewModel.swift */,
				451A903229C7DDD00001CA76 /* FileStorage.swift */,
				4509B7182A2152F500A877A1 /* ShopDataProvider.swift */,
			);
			path = Objects;
			sourceTree = "<group>";
		};
		45EDA9F3261810DA00144C8E /* Views */ = {
			isa = PBXGroup;
			children = (
			);
			path = Views;
			sourceTree = "<group>";
		};
		45F065332612F1FE00A729EF = {
			isa = PBXGroup;
			children = (
				45F0653E2612F1FE00A729EF /* Path to Singularity */,
				45F0653D2612F1FE00A729EF /* Products */,
				457914FF2616AEF300F9EBBE /* Frameworks */,
			);
			sourceTree = "<group>";
		};
		45F0653D2612F1FE00A729EF /* Products */ = {
			isa = PBXGroup;
			children = (
				45F0653C2612F1FE00A729EF /* Path to Singularity.app */,
			);
			name = Products;
			sourceTree = "<group>";
		};
		45F0653E2612F1FE00A729EF /* Path to Singularity */ = {
			isa = PBXGroup;
			children = (
				451EC4E62A868B36004369F1 /* PathToSingularity_App.swift */,
				45F0654A2612F1FF00A729EF /* LaunchScreen.storyboard */,
				459DE8B926FE31120044CE7A /* Path to Singularity.entitlements */,
				45F065482612F1FF00A729EF /* Assets.xcassets */,
				45F0654D2612F1FF00A729EF /* Info.plist */,
				45D06A8E28E4BCBA00BD87B7 /* Objects */,
				45F0655C2612F46100A729EF /* art.scnassets */,
				45EDA9F3261810DA00144C8E /* Views */,
				45C282C92617F3DE0077E487 /* Utlility */,
				45C282C72617F3BB0077E487 /* ViewControllers */,
				45C282C52617F39C0077E487 /* Models */,
			);
			path = "Path to Singularity";
			sourceTree = "<group>";
		};
/* End PBXGroup section */

/* Begin PBXNativeTarget section */
		45F0653B2612F1FE00A729EF /* Path to Singularity */ = {
			isa = PBXNativeTarget;
			buildConfigurationList = 45F065502612F1FF00A729EF /* Build configuration list for PBXNativeTarget "Path to Singularity" */;
			buildPhases = (
				45F065382612F1FE00A729EF /* Sources */,
				45F065392612F1FE00A729EF /* Frameworks */,
				45F0653A2612F1FE00A729EF /* Resources */,
			);
			buildRules = (
			);
			dependencies = (
			);
			name = "Path to Singularity";
			productName = "Path to Singularity";
			productReference = 45F0653C2612F1FE00A729EF /* Path to Singularity.app */;
			productType = "com.apple.product-type.application";
		};
/* End PBXNativeTarget section */

/* Begin PBXProject section */
		45F065342612F1FE00A729EF /* Project object */ = {
			isa = PBXProject;
			attributes = {
				BuildIndependentTargetsInParallel = YES;
				LastSwiftUpdateCheck = 1240;
				LastUpgradeCheck = 1500;
				TargetAttributes = {
					45F0653B2612F1FE00A729EF = {
						CreatedOnToolsVersion = 12.4;
					};
				};
			};
			buildConfigurationList = 45F065372612F1FE00A729EF /* Build configuration list for PBXProject "Path to Singularity" */;
			compatibilityVersion = "Xcode 9.3";
			developmentRegion = en;
			hasScannedForEncodings = 0;
			knownRegions = (
				en,
				Base,
			);
			mainGroup = 45F065332612F1FE00A729EF;
			productRefGroup = 45F0653D2612F1FE00A729EF /* Products */;
			projectDirPath = "";
			projectRoot = "";
			targets = (
				45F0653B2612F1FE00A729EF /* Path to Singularity */,
			);
		};
/* End PBXProject section */

/* Begin PBXResourcesBuildPhase section */
		45F0653A2612F1FE00A729EF /* Resources */ = {
			isa = PBXResourcesBuildPhase;
			buildActionMask = 2147483647;
			files = (
				45F0654C2612F1FF00A729EF /* LaunchScreen.storyboard in Resources */,
				45F0655D2612F46100A729EF /* art.scnassets in Resources */,
				45F065492612F1FF00A729EF /* Assets.xcassets in Resources */,
			);
			runOnlyForDeploymentPostprocessing = 0;
		};
/* End PBXResourcesBuildPhase section */

/* Begin PBXSourcesBuildPhase section */
		45F065382612F1FE00A729EF /* Sources */ = {
			isa = PBXSourcesBuildPhase;
			buildActionMask = 2147483647;
			files = (
				45791511261799B000F9EBBE /* UIKitExtensions.swift in Sources */,
				451EC4E72A868B36004369F1 /* PathToSingularity_App.swift in Sources */,
				45EDA9F126180D1C00144C8E /* ShopItem.swift in Sources */,
				45D06A9628E4BE2600BD87B7 /* MainSceneViewModel.swift in Sources */,
				45A9CD822BA73F5F0014DFB9 /* Scale.swift in Sources */,
				45F065442612F1FE00A729EF /* MainViewController.swift in Sources */,
				4509B7172A21521400A877A1 /* ShopView.swift in Sources */,
				45A9CD842BA742B10014DFB9 /* StarDelegate.swift in Sources */,
				45D06A9028E4BCCA00BD87B7 /* PlayerDataController.swift in Sources */,
				45D06A9228E4BD3700BD87B7 /* EventsController.swift in Sources */,
				45D06AE728E5C1C000BD87B7 /* Player.swift in Sources */,
				451A903329C7DDD00001CA76 /* FileStorage.swift in Sources */,
				45D06A9428E4BD5D00BD87B7 /* StarDataController.swift in Sources */,
				4509B7192A2152F500A877A1 /* ShopDataProvider.swift in Sources */,
				45F065552612F25200A729EF /* Star.swift in Sources */,
			);
			runOnlyForDeploymentPostprocessing = 0;
		};
/* End PBXSourcesBuildPhase section */

/* Begin PBXVariantGroup section */
		45F0654A2612F1FF00A729EF /* LaunchScreen.storyboard */ = {
			isa = PBXVariantGroup;
			children = (
				45F0654B2612F1FF00A729EF /* Base */,
			);
			name = LaunchScreen.storyboard;
			sourceTree = "<group>";
		};
/* End PBXVariantGroup section */

/* Begin XCBuildConfiguration section */
		45F0654E2612F1FF00A729EF /* Debug */ = {
			isa = XCBuildConfiguration;
			buildSettings = {
				ALWAYS_SEARCH_USER_PATHS = NO;
				ASSETCATALOG_COMPILER_GENERATE_SWIFT_ASSET_SYMBOL_EXTENSIONS = YES;
				CLANG_ANALYZER_NONNULL = YES;
				CLANG_ANALYZER_NUMBER_OBJECT_CONVERSION = YES_AGGRESSIVE;
				CLANG_CXX_LANGUAGE_STANDARD = "gnu++14";
				CLANG_CXX_LIBRARY = "libc++";
				CLANG_ENABLE_MODULES = YES;
				CLANG_ENABLE_OBJC_ARC = YES;
				CLANG_ENABLE_OBJC_WEAK = YES;
				CLANG_WARN_BLOCK_CAPTURE_AUTORELEASING = YES;
				CLANG_WARN_BOOL_CONVERSION = YES;
				CLANG_WARN_COMMA = YES;
				CLANG_WARN_CONSTANT_CONVERSION = YES;
				CLANG_WARN_DEPRECATED_OBJC_IMPLEMENTATIONS = YES;
				CLANG_WARN_DIRECT_OBJC_ISA_USAGE = YES_ERROR;
				CLANG_WARN_DOCUMENTATION_COMMENTS = YES;
				CLANG_WARN_EMPTY_BODY = YES;
				CLANG_WARN_ENUM_CONVERSION = YES;
				CLANG_WARN_INFINITE_RECURSION = YES;
				CLANG_WARN_INT_CONVERSION = YES;
				CLANG_WARN_NON_LITERAL_NULL_CONVERSION = YES;
				CLANG_WARN_OBJC_IMPLICIT_RETAIN_SELF = YES;
				CLANG_WARN_OBJC_LITERAL_CONVERSION = YES;
				CLANG_WARN_OBJC_ROOT_CLASS = YES_ERROR;
				CLANG_WARN_QUOTED_INCLUDE_IN_FRAMEWORK_HEADER = YES;
				CLANG_WARN_RANGE_LOOP_ANALYSIS = YES;
				CLANG_WARN_STRICT_PROTOTYPES = YES;
				CLANG_WARN_SUSPICIOUS_MOVE = YES;
				CLANG_WARN_UNGUARDED_AVAILABILITY = YES_AGGRESSIVE;
				CLANG_WARN_UNREACHABLE_CODE = YES;
				CLANG_WARN__DUPLICATE_METHOD_MATCH = YES;
				COPY_PHASE_STRIP = NO;
				DEBUG_INFORMATION_FORMAT = dwarf;
				ENABLE_STRICT_OBJC_MSGSEND = YES;
				ENABLE_TESTABILITY = YES;
				ENABLE_USER_SCRIPT_SANDBOXING = YES;
				GCC_C_LANGUAGE_STANDARD = gnu11;
				GCC_DYNAMIC_NO_PIC = NO;
				GCC_NO_COMMON_BLOCKS = YES;
				GCC_OPTIMIZATION_LEVEL = 0;
				GCC_PREPROCESSOR_DEFINITIONS = (
					"DEBUG=1",
					"$(inherited)",
				);
				GCC_WARN_64_TO_32_BIT_CONVERSION = YES;
				GCC_WARN_ABOUT_RETURN_TYPE = YES_ERROR;
				GCC_WARN_UNDECLARED_SELECTOR = YES;
				GCC_WARN_UNINITIALIZED_AUTOS = YES_AGGRESSIVE;
				GCC_WARN_UNUSED_FUNCTION = YES;
				GCC_WARN_UNUSED_VARIABLE = YES;
				IPHONEOS_DEPLOYMENT_TARGET = 17.0;
				MTL_ENABLE_DEBUG_INFO = INCLUDE_SOURCE;
				MTL_FAST_MATH = YES;
				ONLY_ACTIVE_ARCH = YES;
				SDKROOT = iphoneos;
				SWIFT_ACTIVE_COMPILATION_CONDITIONS = DEBUG;
				SWIFT_OPTIMIZATION_LEVEL = "-Onone";
			};
			name = Debug;
		};
		45F0654F2612F1FF00A729EF /* Release */ = {
			isa = XCBuildConfiguration;
			buildSettings = {
				ALWAYS_SEARCH_USER_PATHS = NO;
				ASSETCATALOG_COMPILER_GENERATE_SWIFT_ASSET_SYMBOL_EXTENSIONS = YES;
				CLANG_ANALYZER_NONNULL = YES;
				CLANG_ANALYZER_NUMBER_OBJECT_CONVERSION = YES_AGGRESSIVE;
				CLANG_CXX_LANGUAGE_STANDARD = "gnu++14";
				CLANG_CXX_LIBRARY = "libc++";
				CLANG_ENABLE_MODULES = YES;
				CLANG_ENABLE_OBJC_ARC = YES;
				CLANG_ENABLE_OBJC_WEAK = YES;
				CLANG_WARN_BLOCK_CAPTURE_AUTORELEASING = YES;
				CLANG_WARN_BOOL_CONVERSION = YES;
				CLANG_WARN_COMMA = YES;
				CLANG_WARN_CONSTANT_CONVERSION = YES;
				CLANG_WARN_DEPRECATED_OBJC_IMPLEMENTATIONS = YES;
				CLANG_WARN_DIRECT_OBJC_ISA_USAGE = YES_ERROR;
				CLANG_WARN_DOCUMENTATION_COMMENTS = YES;
				CLANG_WARN_EMPTY_BODY = YES;
				CLANG_WARN_ENUM_CONVERSION = YES;
				CLANG_WARN_INFINITE_RECURSION = YES;
				CLANG_WARN_INT_CONVERSION = YES;
				CLANG_WARN_NON_LITERAL_NULL_CONVERSION = YES;
				CLANG_WARN_OBJC_IMPLICIT_RETAIN_SELF = YES;
				CLANG_WARN_OBJC_LITERAL_CONVERSION = YES;
				CLANG_WARN_OBJC_ROOT_CLASS = YES_ERROR;
				CLANG_WARN_QUOTED_INCLUDE_IN_FRAMEWORK_HEADER = YES;
				CLANG_WARN_RANGE_LOOP_ANALYSIS = YES;
				CLANG_WARN_STRICT_PROTOTYPES = YES;
				CLANG_WARN_SUSPICIOUS_MOVE = YES;
				CLANG_WARN_UNGUARDED_AVAILABILITY = YES_AGGRESSIVE;
				CLANG_WARN_UNREACHABLE_CODE = YES;
				CLANG_WARN__DUPLICATE_METHOD_MATCH = YES;
				COPY_PHASE_STRIP = NO;
				DEBUG_INFORMATION_FORMAT = "dwarf-with-dsym";
				ENABLE_NS_ASSERTIONS = NO;
				ENABLE_STRICT_OBJC_MSGSEND = YES;
				ENABLE_USER_SCRIPT_SANDBOXING = YES;
				GCC_C_LANGUAGE_STANDARD = gnu11;
				GCC_NO_COMMON_BLOCKS = YES;
				GCC_WARN_64_TO_32_BIT_CONVERSION = YES;
				GCC_WARN_ABOUT_RETURN_TYPE = YES_ERROR;
				GCC_WARN_UNDECLARED_SELECTOR = YES;
				GCC_WARN_UNINITIALIZED_AUTOS = YES_AGGRESSIVE;
				GCC_WARN_UNUSED_FUNCTION = YES;
				GCC_WARN_UNUSED_VARIABLE = YES;
				IPHONEOS_DEPLOYMENT_TARGET = 17.0;
				MTL_ENABLE_DEBUG_INFO = NO;
				MTL_FAST_MATH = YES;
				SDKROOT = iphoneos;
				SWIFT_COMPILATION_MODE = wholemodule;
				SWIFT_OPTIMIZATION_LEVEL = "-O";
				VALIDATE_PRODUCT = YES;
			};
			name = Release;
		};
		45F065512612F1FF00A729EF /* Debug */ = {
			isa = XCBuildConfiguration;
			buildSettings = {
				ASSETCATALOG_COMPILER_APPICON_NAME = AppIcon;
				ASSETCATALOG_COMPILER_GLOBAL_ACCENT_COLOR_NAME = AccentColor;
				CODE_SIGN_ENTITLEMENTS = "Path to Singularity/Path to Singularity.entitlements";
				"CODE_SIGN_IDENTITY[sdk=macosx*]" = "-";
				CODE_SIGN_STYLE = Automatic;
				CURRENT_PROJECT_VERSION = 12;
				DEBUG_INFORMATION_FORMAT = "dwarf-with-dsym";
				DEVELOPMENT_TEAM = HJXYY5247H;
				INFOPLIST_FILE = "Path to Singularity/Info.plist";
				INFOPLIST_KEY_LSApplicationCategoryType = "public.app-category.arcade-games";
				IPHONEOS_DEPLOYMENT_TARGET = 16.0;
				LD_RUNPATH_SEARCH_PATHS = (
					"$(inherited)",
					"@executable_path/Frameworks",
				);
				PRODUCT_BUNDLE_IDENTIFIER = "com.tadreik.Path-to-Singularity";
				PRODUCT_NAME = "$(TARGET_NAME)";
				SUPPORTED_PLATFORMS = "iphoneos iphonesimulator xros xrsimulator";
				SUPPORTS_MACCATALYST = NO;
				SUPPORTS_XR_DESIGNED_FOR_IPHONE_IPAD = NO;
				SWIFT_VERSION = 5.0;
				TARGETED_DEVICE_FAMILY = "1,2,7";
			};
			name = Debug;
		};
		45F065522612F1FF00A729EF /* Release */ = {
			isa = XCBuildConfiguration;
			buildSettings = {
				ASSETCATALOG_COMPILER_APPICON_NAME = AppIcon;
				ASSETCATALOG_COMPILER_GLOBAL_ACCENT_COLOR_NAME = AccentColor;
				CODE_SIGN_ENTITLEMENTS = "Path to Singularity/Path to Singularity.entitlements";
				"CODE_SIGN_IDENTITY[sdk=macosx*]" = "-";
				CODE_SIGN_STYLE = Automatic;
				CURRENT_PROJECT_VERSION = 12;
				DEVELOPMENT_TEAM = HJXYY5247H;
				INFOPLIST_FILE = "Path to Singularity/Info.plist";
				INFOPLIST_KEY_LSApplicationCategoryType = "public.app-category.arcade-games";
				IPHONEOS_DEPLOYMENT_TARGET = 16.0;
				LD_RUNPATH_SEARCH_PATHS = (
					"$(inherited)",
					"@executable_path/Frameworks",
				);
				PRODUCT_BUNDLE_IDENTIFIER = "com.tadreik.Path-to-Singularity";
				PRODUCT_NAME = "$(TARGET_NAME)";
				SUPPORTED_PLATFORMS = "iphoneos iphonesimulator xros xrsimulator";
				SUPPORTS_MACCATALYST = NO;
				SUPPORTS_XR_DESIGNED_FOR_IPHONE_IPAD = NO;
				SWIFT_VERSION = 5.0;
				TARGETED_DEVICE_FAMILY = "1,2,7";
			};
			name = Release;
		};
/* End XCBuildConfiguration section */

/* Begin XCConfigurationList section */
		45F065372612F1FE00A729EF /* Build configuration list for PBXProject "Path to Singularity" */ = {
			isa = XCConfigurationList;
			buildConfigurations = (
				45F0654E2612F1FF00A729EF /* Debug */,
				45F0654F2612F1FF00A729EF /* Release */,
			);
			defaultConfigurationIsVisible = 0;
			defaultConfigurationName = Release;
		};
		45F065502612F1FF00A729EF /* Build configuration list for PBXNativeTarget "Path to Singularity" */ = {
			isa = XCConfigurationList;
			buildConfigurations = (
				45F065512612F1FF00A729EF /* Debug */,
				45F065522612F1FF00A729EF /* Release */,
			);
			defaultConfigurationIsVisible = 0;
			defaultConfigurationName = Release;
		};
/* End XCConfigurationList section */
	};
	rootObject = 45F065342612F1FE00A729EF /* Project object */;
}
