// !$*UTF8*$!
{
	archiveVersion = 1;
	classes = {
	};
	objectVersion = 50;
	objects = {

/* Begin PBXBuildFile section */
		45F065402612F1FE00A729EF /* AppDelegate.swift in Sources */ = {isa = PBXBuildFile; fileRef = 45F0653F2612F1FE00A729EF /* AppDelegate.swift */; };
		45F065422612F1FE00A729EF /* SceneDelegate.swift in Sources */ = {isa = PBXBuildFile; fileRef = 45F065412612F1FE00A729EF /* SceneDelegate.swift */; };
		45F065442612F1FE00A729EF /* ViewController.swift in Sources */ = {isa = PBXBuildFile; fileRef = 45F065432612F1FE00A729EF /* ViewController.swift */; };
		45F065472612F1FE00A729EF /* Main.storyboard in Resources */ = {isa = PBXBuildFile; fileRef = 45F065452612F1FE00A729EF /* Main.storyboard */; };
		45F065492612F1FF00A729EF /* Assets.xcassets in Resources */ = {isa = PBXBuildFile; fileRef = 45F065482612F1FF00A729EF /* Assets.xcassets */; };
		45F0654C2612F1FF00A729EF /* LaunchScreen.storyboard in Resources */ = {isa = PBXBuildFile; fileRef = 45F0654A2612F1FF00A729EF /* LaunchScreen.storyboard */; };
/* End PBXBuildFile section */

/* Begin PBXFileReference section */
		45F0653C2612F1FE00A729EF /* Path to Singularity.app */ = {isa = PBXFileReference; explicitFileType = wrapper.application; includeInIndex = 0; path = "Path to Singularity.app"; sourceTree = BUILT_PRODUCTS_DIR; };
		45F0653F2612F1FE00A729EF /* AppDelegate.swift */ = {isa = PBXFileReference; lastKnownFileType = sourcecode.swift; path = AppDelegate.swift; sourceTree = "<group>"; };
		45F065412612F1FE00A729EF /* SceneDelegate.swift */ = {isa = PBXFileReference; lastKnownFileType = sourcecode.swift; path = SceneDelegate.swift; sourceTree = "<group>"; };
		45F065432612F1FE00A729EF /* ViewController.swift */ = {isa = PBXFileReference; lastKnownFileType = sourcecode.swift; path = ViewController.swift; sourceTree = "<group>"; };
		45F065462612F1FE00A729EF /* Base */ = {isa = PBXFileReference; lastKnownFileType = file.storyboard; name = Base; path = Base.lproj/Main.storyboard; sourceTree = "<group>"; };
		45F065482612F1FF00A729EF /* Assets.xcassets */ = {isa = PBXFileReference; lastKnownFileType = folder.assetcatalog; path = Assets.xcassets; sourceTree = "<group>"; };
		45F0654B2612F1FF00A729EF /* Base */ = {isa = PBXFileReference; lastKnownFileType = file.storyboard; name = Base; path = Base.lproj/LaunchScreen.storyboard; sourceTree = "<group>"; };
		45F0654D2612F1FF00A729EF /* Info.plist */ = {isa = PBXFileReference; lastKnownFileType = text.plist.xml; path = Info.plist; sourceTree = "<group>"; };
/* End PBXFileReference section */

/* Begin PBXFrameworksBuildPhase section */
		45F065392612F1FE00A729EF /* Frameworks */ = {
			isa = PBXFrameworksBuildPhase;
			buildActionMask = 2147483647;
			files = (
			);
			runOnlyForDeploymentPostprocessing = 0;
		};
/* End PBXFrameworksBuildPhase section */

/* Begin PBXGroup section */
		45F065332612F1FE00A729EF = {
			isa = PBXGroup;
			children = (
				45F0653E2612F1FE00A729EF /* Path to Singularity */,
				45F0653D2612F1FE00A729EF /* Products */,
			);
			sourceTree = "<group>";
		};
		45F0653D2612F1FE00A729EF /* Products */ = {
			isa = PBXGroup;
			children = (
				45F0653C2612F1FE00A729EF /* Path to Singularity.app */,
			);
			name = Products;
			sourceTree = "<group>";
		};
		45F0653E2612F1FE00A729EF /* Path to Singularity */ = {
			isa = PBXGroup;
			children = (
				45F0653F2612F1FE00A729EF /* AppDelegate.swift */,
				45F065412612F1FE00A729EF /* SceneDelegate.swift */,
				45F065432612F1FE00A729EF /* ViewController.swift */,
				45F065452612F1FE00A729EF /* Main.storyboard */,
				45F065482612F1FF00A729EF /* Assets.xcassets */,
				45F0654A2612F1FF00A729EF /* LaunchScreen.storyboard */,
				45F0654D2612F1FF00A729EF /* Info.plist */,
			);
			path = "Path to Singularity";
			sourceTree = "<group>";
		};
/* End PBXGroup section */

/* Begin PBXNativeTarget section */
		45F0653B2612F1FE00A729EF /* Path to Singularity */ = {
			isa = PBXNativeTarget;
			buildConfigurationList = 45F065502612F1FF00A729EF /* Build configuration list for PBXNativeTarget "Path to Singularity" */;
			buildPhases = (
				45F065382612F1FE00A729EF /* Sources */,
				45F065392612F1FE00A729EF /* Frameworks */,
				45F0653A2612F1FE00A729EF /* Resources */,
			);
			buildRules = (
			);
			dependencies = (
			);
			name = "Path to Singularity";
			productName = "Path to Singularity";
			productReference = 45F0653C2612F1FE00A729EF /* Path to Singularity.app */;
			productType = "com.apple.product-type.application";
		};
/* End PBXNativeTarget section */

/* Begin PBXProject section */
		45F065342612F1FE00A729EF /* Project object */ = {
			isa = PBXProject;
			attributes = {
				LastSwiftUpdateCheck = 1240;
				LastUpgradeCheck = 1240;
				TargetAttributes = {
					45F0653B2612F1FE00A729EF = {
						CreatedOnToolsVersion = 12.4;
					};
				};
			};
			buildConfigurationList = 45F065372612F1FE00A729EF /* Build configuration list for PBXProject "Path to Singularity" */;
			compatibilityVersion = "Xcode 9.3";
			developmentRegion = en;
			hasScannedForEncodings = 0;
			knownRegions = (
				en,
				Base,
			);
			mainGroup = 45F065332612F1FE00A729EF;
			productRefGroup = 45F0653D2612F1FE00A729EF /* Products */;
			projectDirPath = "";
			projectRoot = "";
			targets = (
				45F0653B2612F1FE00A729EF /* Path to Singularity */,
			);
		};
/* End PBXProject section */

/* Begin PBXResourcesBuildPhase section */
		45F0653A2612F1FE00A729EF /* Resources */ = {
			isa = PBXResourcesBuildPhase;
			buildActionMask = 2147483647;
			files = (
				45F0654C2612F1FF00A729EF /* LaunchScreen.storyboard in Resources */,
				45F065492612F1FF00A729EF /* Assets.xcassets in Resources */,
				45F065472612F1FE00A729EF /* Main.storyboard in Resources */,
			);
			runOnlyForDeploymentPostprocessing = 0;
		};
/* End PBXResourcesBuildPhase section */

/* Begin PBXSourcesBuildPhase section */
		45F065382612F1FE00A729EF /* Sources */ = {
			isa = PBXSourcesBuildPhase;
			buildActionMask = 2147483647;
			files = (
				45F065442612F1FE00A729EF /* ViewController.swift in Sources */,
				45F065402612F1FE00A729EF /* AppDelegate.swift in Sources */,
				45F065422612F1FE00A729EF /* SceneDelegate.swift in Sources */,
			);
			runOnlyForDeploymentPostprocessing = 0;
		};
/* End PBXSourcesBuildPhase section */

/* Begin PBXVariantGroup section */
		45F065452612F1FE00A729EF /* Main.storyboard */ = {
			isa = PBXVariantGroup;
			children = (
				45F065462612F1FE00A729EF /* Base */,
			);
			name = Main.storyboard;
			sourceTree = "<group>";
		};
		45F0654A2612F1FF00A729EF /* LaunchScreen.storyboard */ = {
			isa = PBXVariantGroup;
			children = (
				45F0654B2612F1FF00A729EF /* Base */,
			);
			name = LaunchScreen.storyboard;
			sourceTree = "<group>";
		};
/* End PBXVariantGroup section */

/* Begin XCBuildConfiguration section */
		45F0654E2612F1FF00A729EF /* Debug */ = {
			isa = XCBuildConfiguration;
			buildSettings = {
				ALWAYS_SEARCH_USER_PATHS = NO;
				CLANG_ANALYZER_NONNULL = YES;
				CLANG_ANALYZER_NUMBER_OBJECT_CONVERSION = YES_AGGRESSIVE;
				CLANG_CXX_LANGUAGE_STANDARD = "gnu++14";
				CLANG_CXX_LIBRARY = "libc++";
				CLANG_ENABLE_MODULES = YES;
				CLANG_ENABLE_OBJC_ARC = YES;
				CLANG_ENABLE_OBJC_WEAK = YES;
				CLANG_WARN_BLOCK_CAPTURE_AUTORELEASING = YES;
				CLANG_WARN_BOOL_CONVERSION = YES;
				CLANG_WARN_COMMA = YES;
				CLANG_WARN_CONSTANT_CONVERSION = YES;
				CLANG_WARN_DEPRECATED_OBJC_IMPLEMENTATIONS = YES;
				CLANG_WARN_DIRECT_OBJC_ISA_USAGE = YES_ERROR;
				CLANG_WARN_DOCUMENTATION_COMMENTS = YES;
				CLANG_WARN_EMPTY_BODY = YES;
				CLANG_WARN_ENUM_CONVERSION = YES;
				CLANG_WARN_INFINITE_RECURSION = YES;
				CLANG_WARN_INT_CONVERSION = YES;
				CLANG_WARN_NON_LITERAL_NULL_CONVERSION = YES;
				CLANG_WARN_OBJC_IMPLICIT_RETAIN_SELF = YES;
				CLANG_WARN_OBJC_LITERAL_CONVERSION = YES;
				CLANG_WARN_OBJC_ROOT_CLASS = YES_ERROR;
				CLANG_WARN_QUOTED_INCLUDE_IN_FRAMEWORK_HEADER = YES;
				CLANG_WARN_RANGE_LOOP_ANALYSIS = YES;
				CLANG_WARN_STRICT_PROTOTYPES = YES;
				CLANG_WARN_SUSPICIOUS_MOVE = YES;
				CLANG_WARN_UNGUARDED_AVAILABILITY = YES_AGGRESSIVE;
				CLANG_WARN_UNREACHABLE_CODE = YES;
				CLANG_WARN__DUPLICATE_METHOD_MATCH = YES;
				COPY_PHASE_STRIP = NO;
				DEBUG_INFORMATION_FORMAT = dwarf;
				ENABLE_STRICT_OBJC_MSGSEND = YES;
				ENABLE_TESTABILITY = YES;
				GCC_C_LANGUAGE_STANDARD = gnu11;
				GCC_DYNAMIC_NO_PIC = NO;
				GCC_NO_COMMON_BLOCKS = YES;
				GCC_OPTIMIZATION_LEVEL = 0;
				GCC_PREPROCESSOR_DEFINITIONS = (
					"DEBUG=1",
					"$(inherited)",
				);
				GCC_WARN_64_TO_32_BIT_CONVERSION = YES;
				GCC_WARN_ABOUT_RETURN_TYPE = YES_ERROR;
				GCC_WARN_UNDECLARED_SELECTOR = YES;
				GCC_WARN_UNINITIALIZED_AUTOS = YES_AGGRESSIVE;
				GCC_WARN_UNUSED_FUNCTION = YES;
				GCC_WARN_UNUSED_VARIABLE = YES;
				IPHONEOS_DEPLOYMENT_TARGET = 14.4;
				MTL_ENABLE_DEBUG_INFO = INCLUDE_SOURCE;
				MTL_FAST_MATH = YES;
				ONLY_ACTIVE_ARCH = YES;
				SDKROOT = iphoneos;
				SWIFT_ACTIVE_COMPILATION_CONDITIONS = DEBUG;
				SWIFT_OPTIMIZATION_LEVEL = "-Onone";
			};
			name = Debug;
		};
		45F0654F2612F1FF00A729EF /* Release */ = {
			isa = XCBuildConfiguration;
			buildSettings = {
				ALWAYS_SEARCH_USER_PATHS = NO;
				CLANG_ANALYZER_NONNULL = YES;
				CLANG_ANALYZER_NUMBER_OBJECT_CONVERSION = YES_AGGRESSIVE;
				CLANG_CXX_LANGUAGE_STANDARD = "gnu++14";
				CLANG_CXX_LIBRARY = "libc++";
				CLANG_ENABLE_MODULES = YES;
				CLANG_ENABLE_OBJC_ARC = YES;
				CLANG_ENABLE_OBJC_WEAK = YES;
				CLANG_WARN_BLOCK_CAPTURE_AUTORELEASING = YES;
				CLANG_WARN_BOOL_CONVERSION = YES;
				CLANG_WARN_COMMA = YES;
				CLANG_WARN_CONSTANT_CONVERSION = YES;
				CLANG_WARN_DEPRECATED_OBJC_IMPLEMENTATIONS = YES;
				CLANG_WARN_DIRECT_OBJC_ISA_USAGE = YES_ERROR;
				CLANG_WARN_DOCUMENTATION_COMMENTS = YES;
				CLANG_WARN_EMPTY_BODY = YES;
				CLANG_WARN_ENUM_CONVERSION = YES;
				CLANG_WARN_INFINITE_RECURSION = YES;
				CLANG_WARN_INT_CONVERSION = YES;
				CLANG_WARN_NON_LITERAL_NULL_CONVERSION = YES;
				CLANG_WARN_OBJC_IMPLICIT_RETAIN_SELF = YES;
				CLANG_WARN_OBJC_LITERAL_CONVERSION = YES;
				CLANG_WARN_OBJC_ROOT_CLASS = YES_ERROR;
				CLANG_WARN_QUOTED_INCLUDE_IN_FRAMEWORK_HEADER = YES;
				CLANG_WARN_RANGE_LOOP_ANALYSIS = YES;
				CLANG_WARN_STRICT_PROTOTYPES = YES;
				CLANG_WARN_SUSPICIOUS_MOVE = YES;
				CLANG_WARN_UNGUARDED_AVAILABILITY = YES_AGGRESSIVE;
				CLANG_WARN_UNREACHABLE_CODE = YES;
				CLANG_WARN__DUPLICATE_METHOD_MATCH = YES;
				COPY_PHASE_STRIP = NO;
				DEBUG_INFORMATION_FORMAT = "dwarf-with-dsym";
				ENABLE_NS_ASSERTIONS = NO;
				ENABLE_STRICT_OBJC_MSGSEND = YES;
				GCC_C_LANGUAGE_STANDARD = gnu11;
				GCC_NO_COMMON_BLOCKS = YES;
				GCC_WARN_64_TO_32_BIT_CONVERSION = YES;
				GCC_WARN_ABOUT_RETURN_TYPE = YES_ERROR;
				GCC_WARN_UNDECLARED_SELECTOR = YES;
				GCC_WARN_UNINITIALIZED_AUTOS = YES_AGGRESSIVE;
				GCC_WARN_UNUSED_FUNCTION = YES;
				GCC_WARN_UNUSED_VARIABLE = YES;
				IPHONEOS_DEPLOYMENT_TARGET = 14.4;
				MTL_ENABLE_DEBUG_INFO = NO;
				MTL_FAST_MATH = YES;
				SDKROOT = iphoneos;
				SWIFT_COMPILATION_MODE = wholemodule;
				SWIFT_OPTIMIZATION_LEVEL = "-O";
				VALIDATE_PRODUCT = YES;
			};
			name = Release;
		};
		45F065512612F1FF00A729EF /* Debug */ = {
			isa = XCBuildConfiguration;
			buildSettings = {
				ASSETCATALOG_COMPILER_APPICON_NAME = AppIcon;
				ASSETCATALOG_COMPILER_GLOBAL_ACCENT_COLOR_NAME = AccentColor;
				CODE_SIGN_STYLE = Automatic;
				DEVELOPMENT_TEAM = HJXYY5247H;
				INFOPLIST_FILE = "Path to Singularity/Info.plist";
				LD_RUNPATH_SEARCH_PATHS = (
					"$(inherited)",
					"@executable_path/Frameworks",
				);
				PRODUCT_BUNDLE_IDENTIFIER = "com.tadreik.Path-to-Singularity";
				PRODUCT_NAME = "$(TARGET_NAME)";
				SWIFT_VERSION = 5.0;
				TARGETED_DEVICE_FAMILY = "1,2";
			};
			name = Debug;
		};
		45F065522612F1FF00A729EF /* Release */ = {
			isa = XCBuildConfiguration;
			buildSettings = {
				ASSETCATALOG_COMPILER_APPICON_NAME = AppIcon;
				ASSETCATALOG_COMPILER_GLOBAL_ACCENT_COLOR_NAME = AccentColor;
				CODE_SIGN_STYLE = Automatic;
				DEVELOPMENT_TEAM = HJXYY5247H;
				INFOPLIST_FILE = "Path to Singularity/Info.plist";
				LD_RUNPATH_SEARCH_PATHS = (
					"$(inherited)",
					"@executable_path/Frameworks",
				);
				PRODUCT_BUNDLE_IDENTIFIER = "com.tadreik.Path-to-Singularity";
				PRODUCT_NAME = "$(TARGET_NAME)";
				SWIFT_VERSION = 5.0;
				TARGETED_DEVICE_FAMILY = "1,2";
			};
			name = Release;
		};
/* End XCBuildConfiguration section */

/* Begin XCConfigurationList section */
		45F065372612F1FE00A729EF /* Build configuration list for PBXProject "Path to Singularity" */ = {
			isa = XCConfigurationList;
			buildConfigurations = (
				45F0654E2612F1FF00A729EF /* Debug */,
				45F0654F2612F1FF00A729EF /* Release */,
			);
			defaultConfigurationIsVisible = 0;
			defaultConfigurationName = Release;
		};
		45F065502612F1FF00A729EF /* Build configuration list for PBXNativeTarget "Path to Singularity" */ = {
			isa = XCConfigurationList;
			buildConfigurations = (
				45F065512612F1FF00A729EF /* Debug */,
				45F065522612F1FF00A729EF /* Release */,
			);
			defaultConfigurationIsVisible = 0;
			defaultConfigurationName = Release;
		};
/* End XCConfigurationList section */
	};
	rootObject = 45F065342612F1FE00A729EF /* Project object */;
}
